<?xml version="1.0" encoding="utf-8"?>
<Project ToolsVersion="4.0" xmlns="http://schemas.microsoft.com/developer/msbuild/2003">
  <ItemGroup>
    <ClCompile Include="Chess.cpp">
      <Filter>Source Files</Filter>
    </ClCompile>
    <ClCompile Include="Rook.cpp">
      <Filter>Source Files</Filter>
    </ClCompile>
    <ClCompile Include="Piece.cpp">
      <Filter>Source Files</Filter>
    </ClCompile>
    <ClCompile Include="ChessProject.cpp">
      <Filter>Source Files</Filter>
    </ClCompile>
    <ClCompile Include="King.cpp">
      <Filter>Source Files</Filter>
    </ClCompile>
    <ClCompile Include="Pawn.cpp">
      <Filter>Source Files</Filter>
    </ClCompile>
    <ClCompile Include="EmptyPiece.cpp">
      <Filter>Source Files</Filter>
    </ClCompile>
    <ClCompile Include="ComplicatedPiece.cpp">
      <Filter>Source Files</Filter>
    </ClCompile>
    <ClCompile Include="Knight.cpp">
      <Filter>Source Files</Filter>
    </ClCompile>
    <ClCompile Include="Bishop.cpp">
      <Filter>Source Files</Filter>
    </ClCompile>
    <ClCompile Include="Queen.cpp">
      <Filter>Source Files</Filter>
    </ClCompile>
    <ClCompile Include="stdafx.cpp">
      <Filter>Source Files</Filter>
    </ClCompile>
    <ClCompile Include="Communication.cpp">
      <Filter>Source Files</Filter>
    </ClCompile>
    <ClCompile Include="Position.cpp">
      <Filter>Source Files</Filter>
    </ClCompile>
  </ItemGroup>
  <ItemGroup>
    <ClInclude Include="Chess.h">
      <Filter>Header Files</Filter>
    </ClInclude>
    <ClInclude Include="Piece.h">
      <Filter>Header Files</Filter>
    </ClInclude>
    <ClInclude Include="Rook.h">
      <Filter>Header Files</Filter>
    </ClInclude>
    <ClInclude Include="King.h">
      <Filter>Header Files</Filter>
    </ClInclude>
    <ClInclude Include="Pawn.h">
      <Filter>Header Files</Filter>
    </ClInclude>
    <ClInclude Include="EmptyPiece.h">
      <Filter>Header Files</Filter>
    </ClInclude>
    <ClInclude Include="ComplicatedPiece.h">
      <Filter>Header Files</Filter>
    </ClInclude>
    <ClInclude Include="Knight.h">
      <Filter>Header Files</Filter>
    </ClInclude>
    <ClInclude Include="Bishop.h">
      <Filter>Header Files</Filter>
    </ClInclude>
    <ClInclude Include="Queen.h">
      <Filter>Header Files</Filter>
    </ClInclude>
    <ClInclude Include="Communication.h">
      <Filter>Header Files</Filter>
    </ClInclude>
    <ClInclude Include="Pipe.h">
      <Filter>Header Files</Filter>
    </ClInclude>
    <ClInclude Include="targetver.h">
      <Filter>Header Files</Filter>
    </ClInclude>
    <ClInclude Include="stdafx.h">
      <Filter>Header Files</Filter>
    </ClInclude>
    <ClInclude Include="Position.h">
      <Filter>Header Files</Filter>
    </ClInclude>
  </ItemGroup>
  <ItemGroup>
    <Filter Include="Source Files">
      <UniqueIdentifier>{42ff2046-01f8-4c7d-b90c-614924fa4d91}</UniqueIdentifier>
    </Filter>
    <Filter Include="Header Files">
      <UniqueIdentifier>{e64ff7af-8584-4f2f-92ef-21e8dc8867f9}</UniqueIdentifier>
    </Filter>
  </ItemGroup>
</Project>